# This file is automatically @generated by Cargo.
# It is not intended for manual editing.
version = 4

[[package]]
name = "fluence-accel"
version = "0.0.0"

[[package]]
name = "fluence-hub"
version = "0.0.0"

[[package]]
name = "fluence-inference"
version = "0.0.0"

[[package]]
name = "fluence-input"
version = "0.0.0"

[[package]]
name = "fluence-protocol"
version = "0.0.0"

[[package]]
name = "fluence-store"
version = "0.0.0"

[[package]]
name = "fluence-voice"
version = "0.0.0"

[[package]]
name = "xtask"
version = "0.0.0"
